
Microsoft Visual Studio Solution File, Format Version 12.00
# Visual Studio Version 17
VisualStudioVersion = 17.12.35527.113 d17.12
MinimumVisualStudioVersion = 10.0.40219.1
Project("{FAE04EC0-301F-11D3-BF4B-00C04F79EFBC}") = "ZooApp", "ZooApp\ZooApp.csproj", "{1982238F-D561-4548-A4D2-A0D7880FB6B5}"
EndProject
Project("{FAE04EC0-301F-11D3-BF4B-00C04F79EFBC}") = "ZooLibrary", "ZooLibrary\ZooLibrary.csproj", "{2BBC234E-588D-40BE-9494-C583ED65D86A}"
EndProject
Global
	GlobalSection(SolutionConfigurationPlatforms) = preSolution
		Debug|Any CPU = Debug|Any CPU
		Release|Any CPU = Release|Any CPU
	EndGlobalSection
	GlobalSection(ProjectConfigurationPlatforms) = postSolution
		{1982238F-D561-4548-A4D2-A0D7880FB6B5}.Debug|Any CPU.ActiveCfg = Debug|Any CPU
		{1982238F-D561-4548-A4D2-A0D7880FB6B5}.Debug|Any CPU.Build.0 = Debug|Any CPU
		{1982238F-D561-4548-A4D2-A0D7880FB6B5}.Release|Any CPU.ActiveCfg = Release|Any CPU
		{1982238F-D561-4548-A4D2-A0D7880FB6B5}.Release|Any CPU.Build.0 = Release|Any CPU
		{2BBC234E-588D-40BE-9494-C583ED65D86A}.Debug|Any CPU.ActiveCfg = Debug|Any CPU
		{2BBC234E-588D-40BE-9494-C583ED65D86A}.Debug|Any CPU.Build.0 = Debug|Any CPU
		{2BBC234E-588D-40BE-9494-C583ED65D86A}.Release|Any CPU.ActiveCfg = Release|Any CPU
		{2BBC234E-588D-40BE-9494-C583ED65D86A}.Release|Any CPU.Build.0 = Release|Any CPU
	EndGlobalSection
	GlobalSection(SolutionProperties) = preSolution
		HideSolutionNode = FALSE
	EndGlobalSection
EndGlobal
